
Microsoft Visual Studio Solution File, Format Version 12.00
# Visual Studio Version 16
VisualStudioVersion = 16.0.30114.105
MinimumVisualStudioVersion = 10.0.40219.1
Project("{FAE04EC0-301F-11D3-BF4B-00C04F79EFBC}") = "Spoof.Manager", "Spoof.Manager\Spoof.Manager.csproj", "{8D733BAB-F06C-406E-807C-64EBE6DE564E}"
EndProject
Project("{FAE04EC0-301F-11D3-BF4B-00C04F79EFBC}") = "Spoof.Abstrats", "Spoof.Abstrats\Spoof.Abstrats.csproj", "{56A7D3A1-3064-4A8D-9C37-3015089185F5}"
EndProject
Project("{FAE04EC0-301F-11D3-BF4B-00C04F79EFBC}") = "Spoof.Exe.Console", "Spoof.Exe.Console\Spoof.Exe.Console.csproj", "{A90D48EC-A49A-4870-A2DB-04A1BB54301C}"
EndProject
Project("{2150E333-8FDC-42A3-9474-1A3956D46DE8}") = "Tests", "Tests", "{E6891B59-9BBD-4240-9375-833FDC12A411}"
EndProject
Project("{FAE04EC0-301F-11D3-BF4B-00C04F79EFBC}") = "Test.Spoof.Manager.ElementsDelJoc", "Tests\Test.Spoof.Manager.ElementsDelJoc\Test.Spoof.Manager.ElementsDelJoc.csproj", "{1A7761D7-59C2-49D4-A002-DAED218E355C}"
EndProject
Project("{FAE04EC0-301F-11D3-BF4B-00C04F79EFBC}") = "Test.Spoof.Manager.ElementsManegador", "Tests\Test.Spoof.Manager.ElementsManegador\Test.Spoof.Manager.ElementsManegador.csproj", "{FADD72FD-D845-4E8C-9BAE-91D12D00F106}"
EndProject
Global
	GlobalSection(SolutionConfigurationPlatforms) = preSolution
		Debug|Any CPU = Debug|Any CPU
		Release|Any CPU = Release|Any CPU
	EndGlobalSection
	GlobalSection(SolutionProperties) = preSolution
		HideSolutionNode = FALSE
	EndGlobalSection
	GlobalSection(ProjectConfigurationPlatforms) = postSolution
		{8D733BAB-F06C-406E-807C-64EBE6DE564E}.Debug|Any CPU.ActiveCfg = Debug|Any CPU
		{8D733BAB-F06C-406E-807C-64EBE6DE564E}.Debug|Any CPU.Build.0 = Debug|Any CPU
		{8D733BAB-F06C-406E-807C-64EBE6DE564E}.Release|Any CPU.ActiveCfg = Release|Any CPU
		{8D733BAB-F06C-406E-807C-64EBE6DE564E}.Release|Any CPU.Build.0 = Release|Any CPU
		{56A7D3A1-3064-4A8D-9C37-3015089185F5}.Debug|Any CPU.ActiveCfg = Debug|Any CPU
		{56A7D3A1-3064-4A8D-9C37-3015089185F5}.Debug|Any CPU.Build.0 = Debug|Any CPU
		{56A7D3A1-3064-4A8D-9C37-3015089185F5}.Release|Any CPU.ActiveCfg = Release|Any CPU
		{56A7D3A1-3064-4A8D-9C37-3015089185F5}.Release|Any CPU.Build.0 = Release|Any CPU
		{A90D48EC-A49A-4870-A2DB-04A1BB54301C}.Debug|Any CPU.ActiveCfg = Debug|Any CPU
		{A90D48EC-A49A-4870-A2DB-04A1BB54301C}.Debug|Any CPU.Build.0 = Debug|Any CPU
		{A90D48EC-A49A-4870-A2DB-04A1BB54301C}.Release|Any CPU.ActiveCfg = Release|Any CPU
		{A90D48EC-A49A-4870-A2DB-04A1BB54301C}.Release|Any CPU.Build.0 = Release|Any CPU
		{1A7761D7-59C2-49D4-A002-DAED218E355C}.Debug|Any CPU.ActiveCfg = Debug|Any CPU
		{1A7761D7-59C2-49D4-A002-DAED218E355C}.Debug|Any CPU.Build.0 = Debug|Any CPU
		{1A7761D7-59C2-49D4-A002-DAED218E355C}.Release|Any CPU.ActiveCfg = Release|Any CPU
		{1A7761D7-59C2-49D4-A002-DAED218E355C}.Release|Any CPU.Build.0 = Release|Any CPU
		{FADD72FD-D845-4E8C-9BAE-91D12D00F106}.Debug|Any CPU.ActiveCfg = Debug|Any CPU
		{FADD72FD-D845-4E8C-9BAE-91D12D00F106}.Debug|Any CPU.Build.0 = Debug|Any CPU
		{FADD72FD-D845-4E8C-9BAE-91D12D00F106}.Release|Any CPU.ActiveCfg = Release|Any CPU
		{FADD72FD-D845-4E8C-9BAE-91D12D00F106}.Release|Any CPU.Build.0 = Release|Any CPU
	EndGlobalSection
	GlobalSection(NestedProjects) = preSolution
		{1A7761D7-59C2-49D4-A002-DAED218E355C} = {E6891B59-9BBD-4240-9375-833FDC12A411}
		{FADD72FD-D845-4E8C-9BAE-91D12D00F106} = {E6891B59-9BBD-4240-9375-833FDC12A411}
	EndGlobalSection
EndGlobal
